# THIS IS AN AUTOGENERATED FILE. DO NOT EDIT THIS FILE DIRECTLY.
# yarn lockfile v1


"monaco-editor @0.34.0":
  name monaco-editor
  version "0.34.0"
  resolved "https://registry.npmmirror.com/monaco-editor/-/monaco-editor-0.34.0.tgz#b1749870a1f795dbfc4dc03d8e9b646ddcbeefa7"
  integrity sha512-VF+S5zG8wxfinLKLrWcl4WUizMx+LeJrG4PM/M78OhcwocpV0jiyhX/pG6Q9jIOhrb/ckYi6nHnaR5OojlOZCQ==

requirejs@^2.3.6:
  version "2.3.6"
  resolved "https://registry.npmmirror.com/requirejs/-/requirejs-2.3.6.tgz#e5093d9601c2829251258c0b9445d4d19fa9e7c9"
  integrity sha512-ipEzlWQe6RK3jkzikgCupiTbTvm4S0/CAU5GlgptkN5SO6F3u0UD0K18wy6ErDqiCyP4J4YYe1HuAShvsxePLg==
